{
  "nodes": {
    "autoeq": {
      "flake": false,
      "locked": {
        "lastModified": 1753012596,
        "narHash": "sha256-/kj5ITqtaEWtcZkmB5DEIfj44otXKXYBE7ArV++YLkM=",
        "owner": "jaakkopasanen",
        "repo": "AutoEq",
        "rev": "7ae0f56d53074872b028649617a22bbb4232feb7",
        "type": "github"
      },
      "original": {
        "owner": "jaakkopasanen",
        "repo": "AutoEq",
        "type": "github"
      }
    },
    "flake-parts": {
      "inputs": {
        "nixpkgs-lib": [
          "nur",
          "nixpkgs"
        ]
      },
      "locked": {
        "lastModified": 1733312601,
        "narHash": "sha256-4pDvzqnegAfRkPwO3wmwBhVi/Sye1mzps0zHWYnP88c=",
        "owner": "hercules-ci",
        "repo": "flake-parts",
        "rev": "205b12d8b7cd4802fbcb8e8ef6a0f1408781a4f9",
        "type": "github"
      },
      "original": {
        "owner": "hercules-ci",
        "repo": "flake-parts",
        "type": "github"
      }
    },
    "flake-utils": {
      "inputs": {
        "systems": "systems"
      },
      "locked": {
        "lastModified": 1731533236,
        "narHash": "sha256-l0KFg5HjrsfsO/JpG+r7fRrqm12kzFHyUHqHCVpMMbI=",
        "owner": "numtide",
        "repo": "flake-utils",
        "rev": "11707dc2f618dd54ca8739b309ec4fc024de578b",
        "type": "github"
      },
      "original": {
        "owner": "numtide",
        "repo": "flake-utils",
        "type": "github"
      }
    },
    "nixpkgs": {
      "locked": {
        "lastModified": 1782259327,
        "narHash": "sha256-9l2c/q0vAoTVTMPNN2BgSNDw85qY+Oa+UIWB8dh03Yk=",
        "owner": "NixOS",
        "repo": "nixpkgs",
        "rev": "78810b489be7203fc68ee66393aa47e11671f3fd",
        "type": "github"
      },
      "original": {
        "owner": "NixOS",
        "ref": "master",
        "repo": "nixpkgs",
        "type": "github"
      }
    },
    "nur": {
      "inputs": {
        "flake-parts": "flake-parts",
        "nixpkgs": [
          "nixpkgs"
        ]
      },
      "locked": {
        "lastModified": 1782253630,
        "narHash": "sha256-JMC0i3UCl/5yBOrcxl+YHxhhITFj7KXfw6xmWO6V3hU=",
        "owner": "nix-community",
        "repo": "NUR",
        "rev": "5cfb02daed3a124636fcb5497d6c0c7033851ed0",
        "type": "github"
      },
      "original": {
        "owner": "nix-community",
        "repo": "NUR",
        "type": "github"
      }
    },
    "root": {
      "inputs": {
        "autoeq": "autoeq",
        "flake-utils": "flake-utils",
        "nixpkgs": "nixpkgs",
        "nur": "nur"
      }
    },
    "systems": {
      "locked": {
        "lastModified": 1681028828,
        "narHash": "sha256-Vy1rq5AaRuLzOxct8nz4T6wlgyUR7zLU309k9mBC768=",
        "owner": "nix-systems",
        "repo": "default",
        "rev": "da67096a3b9bf56a91d16901293e51ba5b49a27e",
        "type": "github"
      },
      "original": {
        "owner": "nix-systems",
        "repo": "default",
        "type": "github"
      }
    }
  },
  "root": "root",
  "version": 7
}
