{
  "nodes": {
    "autoeq": {
      "flake": false,
      "locked": {
        "lastModified": 1713701579,
        "narHash": "sha256-IJLhtHIGt0pI8RIf9nsmHOAL/8VgGamwct5+Bpchq5E=",
        "owner": "jaakkopasanen",
        "repo": "AutoEq",
        "rev": "706974a3fc2eb85e46f01be40f7dff8f7afdec39",
        "type": "github"
      },
      "original": {
        "owner": "jaakkopasanen",
        "repo": "AutoEq",
        "type": "github"
      }
    },
    "ee-framework-presets": {
      "flake": false,
      "locked": {
        "lastModified": 1666496289,
        "narHash": "sha256-z2WmozMDMUkiAd+BEc/5+DHgFXDbw3FdsvBwgIj0JmI=",
        "owner": "ceiphr",
        "repo": "ee-framework-presets",
        "rev": "27885fe00c97da7c441358c7ece7846722fd12fa",
        "type": "github"
      },
      "original": {
        "owner": "ceiphr",
        "repo": "ee-framework-presets",
        "type": "github"
      }
    },
    "flake-parts": {
      "inputs": {
        "nixpkgs-lib": [
          "nur",
          "nixpkgs"
        ]
      },
      "locked": {
        "lastModified": 1733312601,
        "narHash": "sha256-4pDvzqnegAfRkPwO3wmwBhVi/Sye1mzps0zHWYnP88c=",
        "owner": "hercules-ci",
        "repo": "flake-parts",
        "rev": "205b12d8b7cd4802fbcb8e8ef6a0f1408781a4f9",
        "type": "github"
      },
      "original": {
        "owner": "hercules-ci",
        "repo": "flake-parts",
        "type": "github"
      }
    },
    "flake-utils": {
      "inputs": {
        "systems": [
          "systems"
        ]
      },
      "locked": {
        "lastModified": 1731533236,
        "narHash": "sha256-l0KFg5HjrsfsO/JpG+r7fRrqm12kzFHyUHqHCVpMMbI=",
        "owner": "numtide",
        "repo": "flake-utils",
        "rev": "11707dc2f618dd54ca8739b309ec4fc024de578b",
        "type": "github"
      },
      "original": {
        "owner": "numtide",
        "repo": "flake-utils",
        "type": "github"
      }
    },
    "nixpkgs": {
      "locked": {
        "lastModified": 1740873811,
        "narHash": "sha256-npGh0zSShu/lR2bvpAZRTXhtN6PUun51xBnlwlbhWo0=",
        "owner": "NixOS",
        "repo": "nixpkgs",
        "rev": "f03c983c83471408ef16fcb9f47078491070064f",
        "type": "github"
      },
      "original": {
        "owner": "NixOS",
        "ref": "master",
        "repo": "nixpkgs",
        "type": "github"
      }
    },
    "nixpkgs_2": {
      "locked": {
        "lastModified": 1740695751,
        "narHash": "sha256-D+R+kFxy1KsheiIzkkx/6L63wEHBYX21OIwlFV8JvDs=",
        "owner": "nixos",
        "repo": "nixpkgs",
        "rev": "6313551cd05425cd5b3e63fe47dbc324eabb15e4",
        "type": "github"
      },
      "original": {
        "owner": "nixos",
        "ref": "nixos-unstable",
        "repo": "nixpkgs",
        "type": "github"
      }
    },
    "nur": {
      "inputs": {
        "flake-parts": "flake-parts",
        "nixpkgs": "nixpkgs_2",
        "treefmt-nix": "treefmt-nix"
      },
      "locked": {
        "lastModified": 1740874361,
        "narHash": "sha256-6/tnz7jqZRsKlngxGmQhte4G/+NPPQLdwWK4WYBEmNQ=",
        "owner": "nix-community",
        "repo": "NUR",
        "rev": "11471aa095d11efd42fae5840460b3dc6f4409b8",
        "type": "github"
      },
      "original": {
        "id": "nur",
        "type": "indirect"
      }
    },
    "root": {
      "inputs": {
        "autoeq": "autoeq",
        "ee-framework-presets": "ee-framework-presets",
        "flake-utils": "flake-utils",
        "nixpkgs": "nixpkgs",
        "nur": "nur",
        "systems": "systems"
      }
    },
    "systems": {
      "locked": {
        "lastModified": 1680978846,
        "narHash": "sha256-Gtqg8b/v49BFDpDetjclCYXm8mAnTrUzR0JnE2nv5aw=",
        "owner": "nix-systems",
        "repo": "x86_64-linux",
        "rev": "2ecfcac5e15790ba6ce360ceccddb15ad16d08a8",
        "type": "github"
      },
      "original": {
        "owner": "nix-systems",
        "repo": "x86_64-linux",
        "type": "github"
      }
    },
    "treefmt-nix": {
      "inputs": {
        "nixpkgs": [
          "nur",
          "nixpkgs"
        ]
      },
      "locked": {
        "lastModified": 1733222881,
        "narHash": "sha256-JIPcz1PrpXUCbaccEnrcUS8jjEb/1vJbZz5KkobyFdM=",
        "owner": "numtide",
        "repo": "treefmt-nix",
        "rev": "49717b5af6f80172275d47a418c9719a31a78b53",
        "type": "github"
      },
      "original": {
        "owner": "numtide",
        "repo": "treefmt-nix",
        "type": "github"
      }
    }
  },
  "root": "root",
  "version": 7
}
